{
  "name": "gente-uni",
  "version": "1.0.0",
  "lockfileVersion": 1,
  "requires": true,
  "dependencies": {
    "@babel/runtime": {
      "version": "7.9.2",
      "resolved": "https://registry.npmjs.org/@babel/runtime/-/runtime-7.9.2.tgz",
      "integrity": "sha512-NE2DtOdufG7R5vnfQUTehdTfNycfUANEtCa9PssN9O/xmTzP4E08UI797ixaei6hBEVL9BI/PsdJS5x7mWoB9Q==",
      "requires": {
        "regenerator-runtime": "^0.13.4"
      }
    },
    "@babel/runtime-corejs3": {
      "version": "7.9.2",
      "resolved": "https://registry.npmjs.org/@babel/runtime-corejs3/-/runtime-corejs3-7.9.2.tgz",
      "integrity": "sha512-HHxmgxbIzOfFlZ+tdeRKtaxWOMUoCG5Mu3wKeUmOxjYrwb3AAHgnmtCUbPPK11/raIWLIBK250t8E2BPO0p7jA==",
      "requires": {
        "core-js-pure": "^3.0.0",
        "regenerator-runtime": "^0.13.4"
      }
    },
    "asynckit": {
      "version": "0.4.0",
      "resolved": "https://registry.npmjs.org/asynckit/-/asynckit-0.4.0.tgz",
      "integrity": "sha512-Oei9OH4tRh0YqU3GxhX79dM/mwVgvbZJaSNaRk+bshkj0S5cfHcgYakreBjrHwatXKbz+IoIdYLxrKim2MjW0Q=="
    },
    "axios": {
      "version": "1.6.5",
      "resolved": "https://registry.npmjs.org/axios/-/axios-1.6.5.tgz",
      "integrity": "sha512-Ii012v05KEVuUoFWmMW/UQv9aRIc3ZwkWDcM+h5Il8izZCtRVpDUfwpoFf7eOtajT3QiGR4yDUx7lPqHJULgbg==",
      "requires": {
        "follow-redirects": "^1.15.4",
        "form-data": "^4.0.0",
        "proxy-from-env": "^1.1.0"
      }
    },
    "combined-stream": {
      "version": "1.0.8",
      "resolved": "https://registry.npmjs.org/combined-stream/-/combined-stream-1.0.8.tgz",
      "integrity": "sha512-FQN4MRfuJeHf7cBbBMJFXhKSDq+2kAArBlmRBvcvFE5BB1HZKXtSFASDhdlz9zOYwxh8lDdnvmMOe/+5cdoEdg==",
      "requires": {
        "delayed-stream": "~1.0.0"
      }
    },
    "core-js-pure": {
      "version": "3.6.4",
      "resolved": "https://registry.npmjs.org/core-js-pure/-/core-js-pure-3.6.4.tgz",
      "integrity": "sha512-epIhRLkXdgv32xIUFaaAry2wdxZYBi6bgM7cB136dzzXXa+dFyRLTZeLUJxnd8ShrmyVXBub63n2NHo2JAt8Cw=="
    },
    "crypto-js": {
      "version": "4.0.0",
      "resolved": "https://registry.npmjs.org/crypto-js/-/crypto-js-4.0.0.tgz",
      "integrity": "sha512-bzHZN8Pn+gS7DQA6n+iUmBfl0hO5DJq++QP3U6uTucDtk/0iGpXd/Gg7CGR0p8tJhofJyaKoWBuJI4eAO00BBg=="
    },
    "delayed-stream": {
      "version": "1.0.0",
      "resolved": "https://registry.npmjs.org/delayed-stream/-/delayed-stream-1.0.0.tgz",
      "integrity": "sha512-ZySD7Nf91aLB0RxL4KGrKHBXl7Eds1DAmEdcoVawXnLD7SDhpNgtuII2aAkg7a7QS41jxPSZ17p4VdGnMHk3MQ=="
    },
    "follow-redirects": {
      "version": "1.15.4",
      "resolved": "https://registry.npmjs.org/follow-redirects/-/follow-redirects-1.15.4.tgz",
      "integrity": "sha512-Cr4D/5wlrb0z9dgERpUL3LrmPKVDsETIJhaCMeDfuFYcqa5bldGV6wBsAN6X/vxlXQtFBMrXdXxdL8CbDTGniw=="
    },
    "form-data": {
      "version": "4.0.0",
      "resolved": "https://registry.npmjs.org/form-data/-/form-data-4.0.0.tgz",
      "integrity": "sha512-ETEklSGi5t0QMZuiXoA/Q6vcnxcLQP5vdugSpuAyi6SVGi2clPPp+xgEhuMaHC+zGgn31Kd235W35f7Hykkaww==",
      "requires": {
        "asynckit": "^0.4.0",
        "combined-stream": "^1.0.8",
        "mime-types": "^2.1.12"
      }
    },
    "mime-db": {
      "version": "1.52.0",
      "resolved": "https://registry.npmjs.org/mime-db/-/mime-db-1.52.0.tgz",
      "integrity": "sha512-sPU4uV7dYlvtWJxwwxHD0PuihVNiE7TyAbQ5SWxDCB9mUYvOgroQOwYQQOKPJ8CIbE+1ETVlOoK1UC2nU3gYvg=="
    },
    "mime-types": {
      "version": "2.1.35",
      "resolved": "https://registry.npmjs.org/mime-types/-/mime-types-2.1.35.tgz",
      "integrity": "sha512-ZDY+bPm5zTTF+YpCrAU9nK0UgICYPT0QtT1NZWFv4s++TNkcgVaT0g6+4R2uI4MjQjzysHB1zxuWL50hzaeXiw==",
      "requires": {
        "mime-db": "1.52.0"
      }
    },
    "parse": {
      "version": "2.12.0",
      "resolved": "https://registry.npmjs.org/parse/-/parse-2.12.0.tgz",
      "integrity": "sha512-vl5bAoSylr3lhK2/6ugZYrpWE66TqJPSFYEJTRcoBeD0cEsCYn7mgqaRdZmHYVYwh16y8EKXBeDSFpv5rtDfHA==",
      "requires": {
        "@babel/runtime": "7.9.2",
        "@babel/runtime-corejs3": "7.9.2",
        "crypto-js": "4.0.0",
        "react-native-crypto-js": "^1.0.0",
        "uuid": "3.3.3",
        "ws": "7.2.3",
        "xmlhttprequest": "1.8.0"
      }
    },
    "proxy-from-env": {
      "version": "1.1.0",
      "resolved": "https://registry.npmjs.org/proxy-from-env/-/proxy-from-env-1.1.0.tgz",
      "integrity": "sha512-D+zkORCbA9f1tdWRK0RaCR3GPv50cMxcrz4X8k5LTSUD1Dkw47mKJEZQNunItRTkWwgtaUSo1RVFRIG9ZXiFYg=="
    },
    "react-native-crypto-js": {
      "version": "1.0.0",
      "resolved": "https://registry.npmjs.org/react-native-crypto-js/-/react-native-crypto-js-1.0.0.tgz",
      "integrity": "sha512-FNbLuG/HAdapQoybeZSoes1PWdOj0w242gb+e1R0hicf3Gyj/Mf8M9NaED2AnXVOX01b2FXomwUiw1xP1K+8sA=="
    },
    "regenerator-runtime": {
      "version": "0.13.5",
      "resolved": "https://registry.npmjs.org/regenerator-runtime/-/regenerator-runtime-0.13.5.tgz",
      "integrity": "sha512-ZS5w8CpKFinUzOwW3c83oPeVXoNsrLsaCoLtJvAClH135j/R77RuymhiSErhm2lKcwSCIpmvIWSbDkIfAqKQlA=="
    },
    "uuid": {
      "version": "3.3.3",
      "resolved": "https://registry.npmjs.org/uuid/-/uuid-3.3.3.tgz",
      "integrity": "sha512-pW0No1RGHgzlpHJO1nsVrHKpOEIxkGg1xB+v0ZmdNH5OAeAwzAVrCnI2/6Mtx+Uys6iaylxa+D3g4j63IKKjSQ=="
    },
    "validate.js": {
      "version": "0.13.1",
      "resolved": "https://registry.npmjs.org/validate.js/-/validate.js-0.13.1.tgz",
      "integrity": "sha512-PnFM3xiZ+kYmLyTiMgTYmU7ZHkjBZz2/+F0DaALc/uUtVzdCt1wAosvYJ5hFQi/hz8O4zb52FQhHZRC+uVkJ+g=="
    },
    "ws": {
      "version": "7.2.3",
      "resolved": "https://registry.npmjs.org/ws/-/ws-7.2.3.tgz",
      "integrity": "sha512-HTDl9G9hbkNDk98naoR/cHDws7+EyYMOdL1BmjsZXRUjf7d+MficC4B7HLUPlSiho0vg+CWKrGIt/VJBd1xunQ=="
    },
    "xmlhttprequest": {
      "version": "1.8.0",
      "resolved": "https://registry.npmjs.org/xmlhttprequest/-/xmlhttprequest-1.8.0.tgz",
      "integrity": "sha1-Z/4HXFwk/vOfnWX197f+dRcZaPw="
    }
  }
}
